
Microsoft Visual Studio Solution File, Format Version 12.00
# Visual Studio 14
VisualStudioVersion = 14.0.25420.1
MinimumVisualStudioVersion = 10.0.40219.1
Project("{888888A0-9F3D-457C-B088-3A5042F75D52}") = "TempCheckPiPy", "TempCheckPi\TempCheckPiPy.pyproj", "{A7C2B83D-8260-4A14-810F-7F1D75111B4E}"
EndProject
Project("{FAE04EC0-301F-11D3-BF4B-00C04F79EFBC}") = "TempCheckPiUI", "TempCheckPiUI\TempCheckPiUI.csproj", "{9F4B532A-5805-459B-AAFF-BA68F350E1BB}"
EndProject
Global
	GlobalSection(SolutionConfigurationPlatforms) = preSolution
		Ad-Hoc|Any CPU = Ad-Hoc|Any CPU
		Ad-Hoc|ARM = Ad-Hoc|ARM
		Ad-Hoc|iPhone = Ad-Hoc|iPhone
		Ad-Hoc|iPhoneSimulator = Ad-Hoc|iPhoneSimulator
		Ad-Hoc|x64 = Ad-Hoc|x64
		Ad-Hoc|x86 = Ad-Hoc|x86
		AppStore|Any CPU = AppStore|Any CPU
		AppStore|ARM = AppStore|ARM
		AppStore|iPhone = AppStore|iPhone
		AppStore|iPhoneSimulator = AppStore|iPhoneSimulator
		AppStore|x64 = AppStore|x64
		AppStore|x86 = AppStore|x86
		Debug|Any CPU = Debug|Any CPU
		Debug|ARM = Debug|ARM
		Debug|iPhone = Debug|iPhone
		Debug|iPhoneSimulator = Debug|iPhoneSimulator
		Debug|x64 = Debug|x64
		Debug|x86 = Debug|x86
		Release|Any CPU = Release|Any CPU
		Release|ARM = Release|ARM
		Release|iPhone = Release|iPhone
		Release|iPhoneSimulator = Release|iPhoneSimulator
		Release|x64 = Release|x64
		Release|x86 = Release|x86
	EndGlobalSection
	GlobalSection(ProjectConfigurationPlatforms) = postSolution
		{A7C2B83D-8260-4A14-810F-7F1D75111B4E}.Ad-Hoc|Any CPU.ActiveCfg = Release|x86
		{A7C2B83D-8260-4A14-810F-7F1D75111B4E}.Ad-Hoc|Any CPU.Build.0 = Release|x86
		{A7C2B83D-8260-4A14-810F-7F1D75111B4E}.Ad-Hoc|Any CPU.Deploy.0 = Release|x86
		{A7C2B83D-8260-4A14-810F-7F1D75111B4E}.Ad-Hoc|ARM.ActiveCfg = Release|ARM
		{A7C2B83D-8260-4A14-810F-7F1D75111B4E}.Ad-Hoc|ARM.Build.0 = Release|ARM
		{A7C2B83D-8260-4A14-810F-7F1D75111B4E}.Ad-Hoc|ARM.Deploy.0 = Release|ARM
		{A7C2B83D-8260-4A14-810F-7F1D75111B4E}.Ad-Hoc|iPhone.ActiveCfg = Release|x86
		{A7C2B83D-8260-4A14-810F-7F1D75111B4E}.Ad-Hoc|iPhone.Build.0 = Release|x86
		{A7C2B83D-8260-4A14-810F-7F1D75111B4E}.Ad-Hoc|iPhone.Deploy.0 = Release|x86
		{A7C2B83D-8260-4A14-810F-7F1D75111B4E}.Ad-Hoc|iPhoneSimulator.ActiveCfg = Release|x86
		{A7C2B83D-8260-4A14-810F-7F1D75111B4E}.Ad-Hoc|iPhoneSimulator.Build.0 = Release|x86
		{A7C2B83D-8260-4A14-810F-7F1D75111B4E}.Ad-Hoc|iPhoneSimulator.Deploy.0 = Release|x86
		{A7C2B83D-8260-4A14-810F-7F1D75111B4E}.Ad-Hoc|x64.ActiveCfg = Release|x64
		{A7C2B83D-8260-4A14-810F-7F1D75111B4E}.Ad-Hoc|x64.Build.0 = Release|x64
		{A7C2B83D-8260-4A14-810F-7F1D75111B4E}.Ad-Hoc|x64.Deploy.0 = Release|x64
		{A7C2B83D-8260-4A14-810F-7F1D75111B4E}.Ad-Hoc|x86.ActiveCfg = Release|x86
		{A7C2B83D-8260-4A14-810F-7F1D75111B4E}.Ad-Hoc|x86.Build.0 = Release|x86
		{A7C2B83D-8260-4A14-810F-7F1D75111B4E}.Ad-Hoc|x86.Deploy.0 = Release|x86
		{A7C2B83D-8260-4A14-810F-7F1D75111B4E}.AppStore|Any CPU.ActiveCfg = Release|x86
		{A7C2B83D-8260-4A14-810F-7F1D75111B4E}.AppStore|Any CPU.Build.0 = Release|x86
		{A7C2B83D-8260-4A14-810F-7F1D75111B4E}.AppStore|Any CPU.Deploy.0 = Release|x86
		{A7C2B83D-8260-4A14-810F-7F1D75111B4E}.AppStore|ARM.ActiveCfg = Release|ARM
		{A7C2B83D-8260-4A14-810F-7F1D75111B4E}.AppStore|ARM.Build.0 = Release|ARM
		{A7C2B83D-8260-4A14-810F-7F1D75111B4E}.AppStore|ARM.Deploy.0 = Release|ARM
		{A7C2B83D-8260-4A14-810F-7F1D75111B4E}.AppStore|iPhone.ActiveCfg = Release|x86
		{A7C2B83D-8260-4A14-810F-7F1D75111B4E}.AppStore|iPhone.Build.0 = Release|x86
		{A7C2B83D-8260-4A14-810F-7F1D75111B4E}.AppStore|iPhone.Deploy.0 = Release|x86
		{A7C2B83D-8260-4A14-810F-7F1D75111B4E}.AppStore|iPhoneSimulator.ActiveCfg = Release|x86
		{A7C2B83D-8260-4A14-810F-7F1D75111B4E}.AppStore|iPhoneSimulator.Build.0 = Release|x86
		{A7C2B83D-8260-4A14-810F-7F1D75111B4E}.AppStore|iPhoneSimulator.Deploy.0 = Release|x86
		{A7C2B83D-8260-4A14-810F-7F1D75111B4E}.AppStore|x64.ActiveCfg = Release|x64
		{A7C2B83D-8260-4A14-810F-7F1D75111B4E}.AppStore|x64.Build.0 = Release|x64
		{A7C2B83D-8260-4A14-810F-7F1D75111B4E}.AppStore|x64.Deploy.0 = Release|x64
		{A7C2B83D-8260-4A14-810F-7F1D75111B4E}.AppStore|x86.ActiveCfg = Release|x86
		{A7C2B83D-8260-4A14-810F-7F1D75111B4E}.AppStore|x86.Build.0 = Release|x86
		{A7C2B83D-8260-4A14-810F-7F1D75111B4E}.AppStore|x86.Deploy.0 = Release|x86
		{A7C2B83D-8260-4A14-810F-7F1D75111B4E}.Debug|Any CPU.ActiveCfg = Debug|x86
		{A7C2B83D-8260-4A14-810F-7F1D75111B4E}.Debug|ARM.ActiveCfg = Debug|ARM
		{A7C2B83D-8260-4A14-810F-7F1D75111B4E}.Debug|ARM.Build.0 = Debug|ARM
		{A7C2B83D-8260-4A14-810F-7F1D75111B4E}.Debug|ARM.Deploy.0 = Debug|ARM
		{A7C2B83D-8260-4A14-810F-7F1D75111B4E}.Debug|iPhone.ActiveCfg = Debug|x86
		{A7C2B83D-8260-4A14-810F-7F1D75111B4E}.Debug|iPhoneSimulator.ActiveCfg = Debug|x86
		{A7C2B83D-8260-4A14-810F-7F1D75111B4E}.Debug|x64.ActiveCfg = Debug|x64
		{A7C2B83D-8260-4A14-810F-7F1D75111B4E}.Debug|x64.Build.0 = Debug|x64
		{A7C2B83D-8260-4A14-810F-7F1D75111B4E}.Debug|x64.Deploy.0 = Debug|x64
		{A7C2B83D-8260-4A14-810F-7F1D75111B4E}.Debug|x86.ActiveCfg = Debug|x86
		{A7C2B83D-8260-4A14-810F-7F1D75111B4E}.Debug|x86.Build.0 = Debug|x86
		{A7C2B83D-8260-4A14-810F-7F1D75111B4E}.Debug|x86.Deploy.0 = Debug|x86
		{A7C2B83D-8260-4A14-810F-7F1D75111B4E}.Release|Any CPU.ActiveCfg = Release|x86
		{A7C2B83D-8260-4A14-810F-7F1D75111B4E}.Release|ARM.ActiveCfg = Release|ARM
		{A7C2B83D-8260-4A14-810F-7F1D75111B4E}.Release|ARM.Build.0 = Release|ARM
		{A7C2B83D-8260-4A14-810F-7F1D75111B4E}.Release|ARM.Deploy.0 = Release|ARM
		{A7C2B83D-8260-4A14-810F-7F1D75111B4E}.Release|iPhone.ActiveCfg = Release|x86
		{A7C2B83D-8260-4A14-810F-7F1D75111B4E}.Release|iPhoneSimulator.ActiveCfg = Release|x86
		{A7C2B83D-8260-4A14-810F-7F1D75111B4E}.Release|x64.ActiveCfg = Release|x64
		{A7C2B83D-8260-4A14-810F-7F1D75111B4E}.Release|x64.Build.0 = Release|x64
		{A7C2B83D-8260-4A14-810F-7F1D75111B4E}.Release|x64.Deploy.0 = Release|x64
		{A7C2B83D-8260-4A14-810F-7F1D75111B4E}.Release|x86.ActiveCfg = Release|x86
		{A7C2B83D-8260-4A14-810F-7F1D75111B4E}.Release|x86.Build.0 = Release|x86
		{A7C2B83D-8260-4A14-810F-7F1D75111B4E}.Release|x86.Deploy.0 = Release|x86
		{9F4B532A-5805-459B-AAFF-BA68F350E1BB}.Ad-Hoc|Any CPU.ActiveCfg = Release|x86
		{9F4B532A-5805-459B-AAFF-BA68F350E1BB}.Ad-Hoc|Any CPU.Build.0 = Release|x86
		{9F4B532A-5805-459B-AAFF-BA68F350E1BB}.Ad-Hoc|Any CPU.Deploy.0 = Release|x86
		{9F4B532A-5805-459B-AAFF-BA68F350E1BB}.Ad-Hoc|ARM.ActiveCfg = Release|ARM
		{9F4B532A-5805-459B-AAFF-BA68F350E1BB}.Ad-Hoc|ARM.Build.0 = Release|ARM
		{9F4B532A-5805-459B-AAFF-BA68F350E1BB}.Ad-Hoc|ARM.Deploy.0 = Release|ARM
		{9F4B532A-5805-459B-AAFF-BA68F350E1BB}.Ad-Hoc|iPhone.ActiveCfg = Release|x86
		{9F4B532A-5805-459B-AAFF-BA68F350E1BB}.Ad-Hoc|iPhone.Build.0 = Release|x86
		{9F4B532A-5805-459B-AAFF-BA68F350E1BB}.Ad-Hoc|iPhone.Deploy.0 = Release|x86
		{9F4B532A-5805-459B-AAFF-BA68F350E1BB}.Ad-Hoc|iPhoneSimulator.ActiveCfg = Release|x86
		{9F4B532A-5805-459B-AAFF-BA68F350E1BB}.Ad-Hoc|iPhoneSimulator.Build.0 = Release|x86
		{9F4B532A-5805-459B-AAFF-BA68F350E1BB}.Ad-Hoc|iPhoneSimulator.Deploy.0 = Release|x86
		{9F4B532A-5805-459B-AAFF-BA68F350E1BB}.Ad-Hoc|x64.ActiveCfg = Release|x64
		{9F4B532A-5805-459B-AAFF-BA68F350E1BB}.Ad-Hoc|x64.Build.0 = Release|x64
		{9F4B532A-5805-459B-AAFF-BA68F350E1BB}.Ad-Hoc|x64.Deploy.0 = Release|x64
		{9F4B532A-5805-459B-AAFF-BA68F350E1BB}.Ad-Hoc|x86.ActiveCfg = Release|x86
		{9F4B532A-5805-459B-AAFF-BA68F350E1BB}.Ad-Hoc|x86.Build.0 = Release|x86
		{9F4B532A-5805-459B-AAFF-BA68F350E1BB}.Ad-Hoc|x86.Deploy.0 = Release|x86
		{9F4B532A-5805-459B-AAFF-BA68F350E1BB}.AppStore|Any CPU.ActiveCfg = Release|x86
		{9F4B532A-5805-459B-AAFF-BA68F350E1BB}.AppStore|Any CPU.Build.0 = Release|x86
		{9F4B532A-5805-459B-AAFF-BA68F350E1BB}.AppStore|Any CPU.Deploy.0 = Release|x86
		{9F4B532A-5805-459B-AAFF-BA68F350E1BB}.AppStore|ARM.ActiveCfg = Release|ARM
		{9F4B532A-5805-459B-AAFF-BA68F350E1BB}.AppStore|ARM.Build.0 = Release|ARM
		{9F4B532A-5805-459B-AAFF-BA68F350E1BB}.AppStore|ARM.Deploy.0 = Release|ARM
		{9F4B532A-5805-459B-AAFF-BA68F350E1BB}.AppStore|iPhone.ActiveCfg = Release|x86
		{9F4B532A-5805-459B-AAFF-BA68F350E1BB}.AppStore|iPhone.Build.0 = Release|x86
		{9F4B532A-5805-459B-AAFF-BA68F350E1BB}.AppStore|iPhone.Deploy.0 = Release|x86
		{9F4B532A-5805-459B-AAFF-BA68F350E1BB}.AppStore|iPhoneSimulator.ActiveCfg = Release|x86
		{9F4B532A-5805-459B-AAFF-BA68F350E1BB}.AppStore|iPhoneSimulator.Build.0 = Release|x86
		{9F4B532A-5805-459B-AAFF-BA68F350E1BB}.AppStore|iPhoneSimulator.Deploy.0 = Release|x86
		{9F4B532A-5805-459B-AAFF-BA68F350E1BB}.AppStore|x64.ActiveCfg = Release|x64
		{9F4B532A-5805-459B-AAFF-BA68F350E1BB}.AppStore|x64.Build.0 = Release|x64
		{9F4B532A-5805-459B-AAFF-BA68F350E1BB}.AppStore|x64.Deploy.0 = Release|x64
		{9F4B532A-5805-459B-AAFF-BA68F350E1BB}.AppStore|x86.ActiveCfg = Release|x86
		{9F4B532A-5805-459B-AAFF-BA68F350E1BB}.AppStore|x86.Build.0 = Release|x86
		{9F4B532A-5805-459B-AAFF-BA68F350E1BB}.AppStore|x86.Deploy.0 = Release|x86
		{9F4B532A-5805-459B-AAFF-BA68F350E1BB}.Debug|Any CPU.ActiveCfg = Debug|x86
		{9F4B532A-5805-459B-AAFF-BA68F350E1BB}.Debug|ARM.ActiveCfg = Debug|ARM
		{9F4B532A-5805-459B-AAFF-BA68F350E1BB}.Debug|ARM.Build.0 = Debug|ARM
		{9F4B532A-5805-459B-AAFF-BA68F350E1BB}.Debug|ARM.Deploy.0 = Debug|ARM
		{9F4B532A-5805-459B-AAFF-BA68F350E1BB}.Debug|iPhone.ActiveCfg = Debug|x86
		{9F4B532A-5805-459B-AAFF-BA68F350E1BB}.Debug|iPhoneSimulator.ActiveCfg = Debug|x86
		{9F4B532A-5805-459B-AAFF-BA68F350E1BB}.Debug|x64.ActiveCfg = Debug|x64
		{9F4B532A-5805-459B-AAFF-BA68F350E1BB}.Debug|x64.Build.0 = Debug|x64
		{9F4B532A-5805-459B-AAFF-BA68F350E1BB}.Debug|x64.Deploy.0 = Debug|x64
		{9F4B532A-5805-459B-AAFF-BA68F350E1BB}.Debug|x86.ActiveCfg = Debug|x86
		{9F4B532A-5805-459B-AAFF-BA68F350E1BB}.Debug|x86.Build.0 = Debug|x86
		{9F4B532A-5805-459B-AAFF-BA68F350E1BB}.Debug|x86.Deploy.0 = Debug|x86
		{9F4B532A-5805-459B-AAFF-BA68F350E1BB}.Release|Any CPU.ActiveCfg = Release|x86
		{9F4B532A-5805-459B-AAFF-BA68F350E1BB}.Release|ARM.ActiveCfg = Release|ARM
		{9F4B532A-5805-459B-AAFF-BA68F350E1BB}.Release|ARM.Build.0 = Release|ARM
		{9F4B532A-5805-459B-AAFF-BA68F350E1BB}.Release|ARM.Deploy.0 = Release|ARM
		{9F4B532A-5805-459B-AAFF-BA68F350E1BB}.Release|iPhone.ActiveCfg = Release|x86
		{9F4B532A-5805-459B-AAFF-BA68F350E1BB}.Release|iPhoneSimulator.ActiveCfg = Release|x86
		{9F4B532A-5805-459B-AAFF-BA68F350E1BB}.Release|x64.ActiveCfg = Release|x64
		{9F4B532A-5805-459B-AAFF-BA68F350E1BB}.Release|x64.Build.0 = Release|x64
		{9F4B532A-5805-459B-AAFF-BA68F350E1BB}.Release|x64.Deploy.0 = Release|x64
		{9F4B532A-5805-459B-AAFF-BA68F350E1BB}.Release|x86.ActiveCfg = Release|x86
		{9F4B532A-5805-459B-AAFF-BA68F350E1BB}.Release|x86.Build.0 = Release|x86
		{9F4B532A-5805-459B-AAFF-BA68F350E1BB}.Release|x86.Deploy.0 = Release|x86
	EndGlobalSection
	GlobalSection(SolutionProperties) = preSolution
		HideSolutionNode = FALSE
	EndGlobalSection
EndGlobal
